
Microsoft Visual Studio Solution File, Format Version 10.00
# Visual Studio 2008
Project("{FAE04EC0-301F-11D3-BF4B-00C04F79EFBC}") = "Sekuntikello", "Sekuntikello\Sekuntikello.csproj", "{BC34CFBA-24D7-41F4-8FDA-A8D1F4230AC7}"
EndProject
Global
	GlobalSection(SolutionConfigurationPlatforms) = preSolution
		Debug|Any CPU = Debug|Any CPU
		Release|Any CPU = Release|Any CPU
	EndGlobalSection
	GlobalSection(ProjectConfigurationPlatforms) = postSolution
		{BC34CFBA-24D7-41F4-8FDA-A8D1F4230AC7}.Debug|Any CPU.ActiveCfg = Debug|Any CPU
		{BC34CFBA-24D7-41F4-8FDA-A8D1F4230AC7}.Debug|Any CPU.Build.0 = Debug|Any CPU
		{BC34CFBA-24D7-41F4-8FDA-A8D1F4230AC7}.Release|Any CPU.ActiveCfg = Release|Any CPU
		{BC34CFBA-24D7-41F4-8FDA-A8D1F4230AC7}.Release|Any CPU.Build.0 = Release|Any CPU
	EndGlobalSection
	GlobalSection(SolutionProperties) = preSolution
		HideSolutionNode = FALSE
	EndGlobalSection
EndGlobal
